// !$*UTF8*$!
{
	archiveVersion = 1;
	classes = {
	};
	objectVersion = 50;
	objects = {

/* Begin PBXBuildFile section */
		D1CD345F26208D5400C84978 /* AppDelegate.swift in Sources */ = {isa = PBXBuildFile; fileRef = D1CD345E26208D5400C84978 /* AppDelegate.swift */; };
		D1CD346126208D5400C84978 /* SceneDelegate.swift in Sources */ = {isa = PBXBuildFile; fileRef = D1CD346026208D5400C84978 /* SceneDelegate.swift */; };
		D1CD346326208D5400C84978 /* ViewController.swift in Sources */ = {isa = PBXBuildFile; fileRef = D1CD346226208D5400C84978 /* ViewController.swift */; };
		D1CD346626208D5400C84978 /* Main.storyboard in Resources */ = {isa = PBXBuildFile; fileRef = D1CD346426208D5400C84978 /* Main.storyboard */; };
		D1CD346826208D5700C84978 /* Assets.xcassets in Resources */ = {isa = PBXBuildFile; fileRef = D1CD346726208D5700C84978 /* Assets.xcassets */; };
		D1CD346B26208D5700C84978 /* LaunchScreen.storyboard in Resources */ = {isa = PBXBuildFile; fileRef = D1CD346926208D5700C84978 /* LaunchScreen.storyboard */; };
/* End PBXBuildFile section */

/* Begin PBXFileReference section */
		D1CD345B26208D5400C84978 /* twpeety.app */ = {isa = PBXFileReference; explicitFileType = wrapper.application; includeInIndex = 0; path = twpeety.app; sourceTree = BUILT_PRODUCTS_DIR; };
		D1CD345E26208D5400C84978 /* AppDelegate.swift */ = {isa = PBXFileReference; lastKnownFileType = sourcecode.swift; path = AppDelegate.swift; sourceTree = "<group>"; };
		D1CD346026208D5400C84978 /* SceneDelegate.swift */ = {isa = PBXFileReference; lastKnownFileType = sourcecode.swift; path = SceneDelegate.swift; sourceTree = "<group>"; };
		D1CD346226208D5400C84978 /* ViewController.swift */ = {isa = PBXFileReference; lastKnownFileType = sourcecode.swift; path = ViewController.swift; sourceTree = "<group>"; };
		D1CD346526208D5400C84978 /* Base */ = {isa = PBXFileReference; lastKnownFileType = file.storyboard; name = Base; path = Base.lproj/Main.storyboard; sourceTree = "<group>"; };
		D1CD346726208D5700C84978 /* Assets.xcassets */ = {isa = PBXFileReference; lastKnownFileType = folder.assetcatalog; path = Assets.xcassets; sourceTree = "<group>"; };
		D1CD346A26208D5700C84978 /* Base */ = {isa = PBXFileReference; lastKnownFileType = file.storyboard; name = Base; path = Base.lproj/LaunchScreen.storyboard; sourceTree = "<group>"; };
		D1CD346C26208D5700C84978 /* Info.plist */ = {isa = PBXFileReference; lastKnownFileType = text.plist.xml; path = Info.plist; sourceTree = "<group>"; };
/* End PBXFileReference section */

/* Begin PBXFrameworksBuildPhase section */
		D1CD345826208D5400C84978 /* Frameworks */ = {
			isa = PBXFrameworksBuildPhase;
			buildActionMask = 2147483647;
			files = (
			);
			runOnlyForDeploymentPostprocessing = 0;
		};
/* End PBXFrameworksBuildPhase section */

/* Begin PBXGroup section */
		D1CD345226208D5300C84978 = {
			isa = PBXGroup;
			children = (
				D1CD345D26208D5400C84978 /* twpeety */,
				D1CD345C26208D5400C84978 /* Products */,
			);
			sourceTree = "<group>";
		};
		D1CD345C26208D5400C84978 /* Products */ = {
			isa = PBXGroup;
			children = (
				D1CD345B26208D5400C84978 /* twpeety.app */,
			);
			name = Products;
			sourceTree = "<group>";
		};
		D1CD345D26208D5400C84978 /* twpeety */ = {
			isa = PBXGroup;
			children = (
				D1CD345E26208D5400C84978 /* AppDelegate.swift */,
				D1CD346026208D5400C84978 /* SceneDelegate.swift */,
				D1CD346226208D5400C84978 /* ViewController.swift */,
				D1CD346426208D5400C84978 /* Main.storyboard */,
				D1CD346726208D5700C84978 /* Assets.xcassets */,
				D1CD346926208D5700C84978 /* LaunchScreen.storyboard */,
				D1CD346C26208D5700C84978 /* Info.plist */,
			);
			path = twpeety;
			sourceTree = "<group>";
		};
/* End PBXGroup section */

/* Begin PBXNativeTarget section */
		D1CD345A26208D5400C84978 /* twpeety */ = {
			isa = PBXNativeTarget;
			buildConfigurationList = D1CD346F26208D5700C84978 /* Build configuration list for PBXNativeTarget "twpeety" */;
			buildPhases = (
				D1CD345726208D5400C84978 /* Sources */,
				D1CD345826208D5400C84978 /* Frameworks */,
				D1CD345926208D5400C84978 /* Resources */,
			);
			buildRules = (
			);
			dependencies = (
			);
			name = twpeety;
			productName = twpeety;
			productReference = D1CD345B26208D5400C84978 /* twpeety.app */;
			productType = "com.apple.product-type.application";
		};
/* End PBXNativeTarget section */

/* Begin PBXProject section */
		D1CD345326208D5300C84978 /* Project object */ = {
			isa = PBXProject;
			attributes = {
				LastSwiftUpdateCheck = 1240;
				LastUpgradeCheck = 1240;
				TargetAttributes = {
					D1CD345A26208D5400C84978 = {
						CreatedOnToolsVersion = 12.4;
					};
				};
			};
			buildConfigurationList = D1CD345626208D5300C84978 /* Build configuration list for PBXProject "twpeety" */;
			compatibilityVersion = "Xcode 9.3";
			developmentRegion = en;
			hasScannedForEncodings = 0;
			knownRegions = (
				en,
				Base,
			);
			mainGroup = D1CD345226208D5300C84978;
			productRefGroup = D1CD345C26208D5400C84978 /* Products */;
			projectDirPath = "";
			projectRoot = "";
			targets = (
				D1CD345A26208D5400C84978 /* twpeety */,
			);
		};
/* End PBXProject section */

/* Begin PBXResourcesBuildPhase section */
		D1CD345926208D5400C84978 /* Resources */ = {
			isa = PBXResourcesBuildPhase;
			buildActionMask = 2147483647;
			files = (
				D1CD346B26208D5700C84978 /* LaunchScreen.storyboard in Resources */,
				D1CD346826208D5700C84978 /* Assets.xcassets in Resources */,
				D1CD346626208D5400C84978 /* Main.storyboard in Resources */,
			);
			runOnlyForDeploymentPostprocessing = 0;
		};
/* End PBXResourcesBuildPhase section */

/* Begin PBXSourcesBuildPhase section */
		D1CD345726208D5400C84978 /* Sources */ = {
			isa = PBXSourcesBuildPhase;
			buildActionMask = 2147483647;
			files = (
				D1CD346326208D5400C84978 /* ViewController.swift in Sources */,
				D1CD345F26208D5400C84978 /* AppDelegate.swift in Sources */,
				D1CD346126208D5400C84978 /* SceneDelegate.swift in Sources */,
			);
			runOnlyForDeploymentPostprocessing = 0;
		};
/* End PBXSourcesBuildPhase section */

/* Begin PBXVariantGroup section */
		D1CD346426208D5400C84978 /* Main.storyboard */ = {
			isa = PBXVariantGroup;
			children = (
				D1CD346526208D5400C84978 /* Base */,
			);
			name = Main.storyboard;
			sourceTree = "<group>";
		};
		D1CD346926208D5700C84978 /* LaunchScreen.storyboard */ = {
			isa = PBXVariantGroup;
			children = (
				D1CD346A26208D5700C84978 /* Base */,
			);
			name = LaunchScreen.storyboard;
			sourceTree = "<group>";
		};
/* End PBXVariantGroup section */

/* Begin XCBuildConfiguration section */
		D1CD346D26208D5700C84978 /* Debug */ = {
			isa = XCBuildConfiguration;
			buildSettings = {
				ALWAYS_SEARCH_USER_PATHS = NO;
				CLANG_ANALYZER_NONNULL = YES;
				CLANG_ANALYZER_NUMBER_OBJECT_CONVERSION = YES_AGGRESSIVE;
				CLANG_CXX_LANGUAGE_STANDARD = "gnu++14";
				CLANG_CXX_LIBRARY = "libc++";
				CLANG_ENABLE_MODULES = YES;
				CLANG_ENABLE_OBJC_ARC = YES;
				CLANG_ENABLE_OBJC_WEAK = YES;
				CLANG_WARN_BLOCK_CAPTURE_AUTORELEASING = YES;
				CLANG_WARN_BOOL_CONVERSION = YES;
				CLANG_WARN_COMMA = YES;
				CLANG_WARN_CONSTANT_CONVERSION = YES;
				CLANG_WARN_DEPRECATED_OBJC_IMPLEMENTATIONS = YES;
				CLANG_WARN_DIRECT_OBJC_ISA_USAGE = YES_ERROR;
				CLANG_WARN_DOCUMENTATION_COMMENTS = YES;
				CLANG_WARN_EMPTY_BODY = YES;
				CLANG_WARN_ENUM_CONVERSION = YES;
				CLANG_WARN_INFINITE_RECURSION = YES;
				CLANG_WARN_INT_CONVERSION = YES;
				CLANG_WARN_NON_LITERAL_NULL_CONVERSION = YES;
				CLANG_WARN_OBJC_IMPLICIT_RETAIN_SELF = YES;
				CLANG_WARN_OBJC_LITERAL_CONVERSION = YES;
				CLANG_WARN_OBJC_ROOT_CLASS = YES_ERROR;
				CLANG_WARN_QUOTED_INCLUDE_IN_FRAMEWORK_HEADER = YES;
				CLANG_WARN_RANGE_LOOP_ANALYSIS = YES;
				CLANG_WARN_STRICT_PROTOTYPES = YES;
				CLANG_WARN_SUSPICIOUS_MOVE = YES;
				CLANG_WARN_UNGUARDED_AVAILABILITY = YES_AGGRESSIVE;
				CLANG_WARN_UNREACHABLE_CODE = YES;
				CLANG_WARN__DUPLICATE_METHOD_MATCH = YES;
				COPY_PHASE_STRIP = NO;
				DEBUG_INFORMATION_FORMAT = dwarf;
				ENABLE_STRICT_OBJC_MSGSEND = YES;
				ENABLE_TESTABILITY = YES;
				GCC_C_LANGUAGE_STANDARD = gnu11;
				GCC_DYNAMIC_NO_PIC = NO;
				GCC_NO_COMMON_BLOCKS = YES;
				GCC_OPTIMIZATION_LEVEL = 0;
				GCC_PREPROCESSOR_DEFINITIONS = (
					"DEBUG=1",
					"$(inherited)",
				);
				GCC_WARN_64_TO_32_BIT_CONVERSION = YES;
				GCC_WARN_ABOUT_RETURN_TYPE = YES_ERROR;
				GCC_WARN_UNDECLARED_SELECTOR = YES;
				GCC_WARN_UNINITIALIZED_AUTOS = YES_AGGRESSIVE;
				GCC_WARN_UNUSED_FUNCTION = YES;
				GCC_WARN_UNUSED_VARIABLE = YES;
				IPHONEOS_DEPLOYMENT_TARGET = 14.4;
				MTL_ENABLE_DEBUG_INFO = INCLUDE_SOURCE;
				MTL_FAST_MATH = YES;
				ONLY_ACTIVE_ARCH = YES;
				SDKROOT = iphoneos;
				SWIFT_ACTIVE_COMPILATION_CONDITIONS = DEBUG;
				SWIFT_OPTIMIZATION_LEVEL = "-Onone";
			};
			name = Debug;
		};
		D1CD346E26208D5700C84978 /* Release */ = {
			isa = XCBuildConfiguration;
			buildSettings = {
				ALWAYS_SEARCH_USER_PATHS = NO;
				CLANG_ANALYZER_NONNULL = YES;
				CLANG_ANALYZER_NUMBER_OBJECT_CONVERSION = YES_AGGRESSIVE;
				CLANG_CXX_LANGUAGE_STANDARD = "gnu++14";
				CLANG_CXX_LIBRARY = "libc++";
				CLANG_ENABLE_MODULES = YES;
				CLANG_ENABLE_OBJC_ARC = YES;
				CLANG_ENABLE_OBJC_WEAK = YES;
				CLANG_WARN_BLOCK_CAPTURE_AUTORELEASING = YES;
				CLANG_WARN_BOOL_CONVERSION = YES;
				CLANG_WARN_COMMA = YES;
				CLANG_WARN_CONSTANT_CONVERSION = YES;
				CLANG_WARN_DEPRECATED_OBJC_IMPLEMENTATIONS = YES;
				CLANG_WARN_DIRECT_OBJC_ISA_USAGE = YES_ERROR;
				CLANG_WARN_DOCUMENTATION_COMMENTS = YES;
				CLANG_WARN_EMPTY_BODY = YES;
				CLANG_WARN_ENUM_CONVERSION = YES;
				CLANG_WARN_INFINITE_RECURSION = YES;
				CLANG_WARN_INT_CONVERSION = YES;
				CLANG_WARN_NON_LITERAL_NULL_CONVERSION = YES;
				CLANG_WARN_OBJC_IMPLICIT_RETAIN_SELF = YES;
				CLANG_WARN_OBJC_LITERAL_CONVERSION = YES;
				CLANG_WARN_OBJC_ROOT_CLASS = YES_ERROR;
				CLANG_WARN_QUOTED_INCLUDE_IN_FRAMEWORK_HEADER = YES;
				CLANG_WARN_RANGE_LOOP_ANALYSIS = YES;
				CLANG_WARN_STRICT_PROTOTYPES = YES;
				CLANG_WARN_SUSPICIOUS_MOVE = YES;
				CLANG_WARN_UNGUARDED_AVAILABILITY = YES_AGGRESSIVE;
				CLANG_WARN_UNREACHABLE_CODE = YES;
				CLANG_WARN__DUPLICATE_METHOD_MATCH = YES;
				COPY_PHASE_STRIP = NO;
				DEBUG_INFORMATION_FORMAT = "dwarf-with-dsym";
				ENABLE_NS_ASSERTIONS = NO;
				ENABLE_STRICT_OBJC_MSGSEND = YES;
				GCC_C_LANGUAGE_STANDARD = gnu11;
				GCC_NO_COMMON_BLOCKS = YES;
				GCC_WARN_64_TO_32_BIT_CONVERSION = YES;
				GCC_WARN_ABOUT_RETURN_TYPE = YES_ERROR;
				GCC_WARN_UNDECLARED_SELECTOR = YES;
				GCC_WARN_UNINITIALIZED_AUTOS = YES_AGGRESSIVE;
				GCC_WARN_UNUSED_FUNCTION = YES;
				GCC_WARN_UNUSED_VARIABLE = YES;
				IPHONEOS_DEPLOYMENT_TARGET = 14.4;
				MTL_ENABLE_DEBUG_INFO = NO;
				MTL_FAST_MATH = YES;
				SDKROOT = iphoneos;
				SWIFT_COMPILATION_MODE = wholemodule;
				SWIFT_OPTIMIZATION_LEVEL = "-O";
				VALIDATE_PRODUCT = YES;
			};
			name = Release;
		};
		D1CD347026208D5700C84978 /* Debug */ = {
			isa = XCBuildConfiguration;
			buildSettings = {
				ASSETCATALOG_COMPILER_APPICON_NAME = AppIcon;
				ASSETCATALOG_COMPILER_GLOBAL_ACCENT_COLOR_NAME = AccentColor;
				CODE_SIGN_STYLE = Automatic;
				DEVELOPMENT_TEAM = XRXPRG4CQ7;
				INFOPLIST_FILE = twpeety/Info.plist;
				LD_RUNPATH_SEARCH_PATHS = (
					"$(inherited)",
					"@executable_path/Frameworks",
				);
				PRODUCT_BUNDLE_IDENTIFIER = "deep-pro.twpeety";
				PRODUCT_NAME = "$(TARGET_NAME)";
				SWIFT_VERSION = 5.0;
				TARGETED_DEVICE_FAMILY = "1,2";
			};
			name = Debug;
		};
		D1CD347126208D5700C84978 /* Release */ = {
			isa = XCBuildConfiguration;
			buildSettings = {
				ASSETCATALOG_COMPILER_APPICON_NAME = AppIcon;
				ASSETCATALOG_COMPILER_GLOBAL_ACCENT_COLOR_NAME = AccentColor;
				CODE_SIGN_STYLE = Automatic;
				DEVELOPMENT_TEAM = XRXPRG4CQ7;
				INFOPLIST_FILE = twpeety/Info.plist;
				LD_RUNPATH_SEARCH_PATHS = (
					"$(inherited)",
					"@executable_path/Frameworks",
				);
				PRODUCT_BUNDLE_IDENTIFIER = "deep-pro.twpeety";
				PRODUCT_NAME = "$(TARGET_NAME)";
				SWIFT_VERSION = 5.0;
				TARGETED_DEVICE_FAMILY = "1,2";
			};
			name = Release;
		};
/* End XCBuildConfiguration section */

/* Begin XCConfigurationList section */
		D1CD345626208D5300C84978 /* Build configuration list for PBXProject "twpeety" */ = {
			isa = XCConfigurationList;
			buildConfigurations = (
				D1CD346D26208D5700C84978 /* Debug */,
				D1CD346E26208D5700C84978 /* Release */,
			);
			defaultConfigurationIsVisible = 0;
			defaultConfigurationName = Release;
		};
		D1CD346F26208D5700C84978 /* Build configuration list for PBXNativeTarget "twpeety" */ = {
			isa = XCConfigurationList;
			buildConfigurations = (
				D1CD347026208D5700C84978 /* Debug */,
				D1CD347126208D5700C84978 /* Release */,
			);
			defaultConfigurationIsVisible = 0;
			defaultConfigurationName = Release;
		};
/* End XCConfigurationList section */
	};
	rootObject = D1CD345326208D5300C84978 /* Project object */;
}
